{
  "name": "dannjs-flappybird",
  "version": "1.0.0",
  "lockfileVersion": 2,
  "requires": true,
  "packages": {
    "": {
      "name": "dannjs-flappybird",
      "version": "1.0.0",
      "license": "ISC",
      "dependencies": {
        "dannjs": "^2.4.0",
        "p5": "^1.4.1"
      }
    },
    "node_modules/dannjs": {
      "version": "2.4.0",
      "resolved": "https://registry.npmjs.org/dannjs/-/dannjs-2.4.0.tgz",
      "integrity": "sha512-Sr7oCh/NuZb0OCXwIUAZov4Ln3p/LcWxw5Ff3jDvARjIWiFSLhDJaRrW0cU+4Sxn+nqRainpa5kfM3d4UNFatA=="
    },
    "node_modules/p5": {
      "version": "1.4.1",
      "resolved": "https://registry.npmjs.org/p5/-/p5-1.4.1.tgz",
      "integrity": "sha512-3/X+qb0bK2Cg8nuZNpZZvzxkeUSRghOf0S+l8c+U8yIkUTVSbbcV0R8y96rx3InVBVhk8cH9kFC93VlZZElqSw=="
    }
  },
  "dependencies": {
    "dannjs": {
      "version": "2.4.0",
      "resolved": "https://registry.npmjs.org/dannjs/-/dannjs-2.4.0.tgz",
      "integrity": "sha512-Sr7oCh/NuZb0OCXwIUAZov4Ln3p/LcWxw5Ff3jDvARjIWiFSLhDJaRrW0cU+4Sxn+nqRainpa5kfM3d4UNFatA=="
    },
    "p5": {
      "version": "1.4.1",
      "resolved": "https://registry.npmjs.org/p5/-/p5-1.4.1.tgz",
      "integrity": "sha512-3/X+qb0bK2Cg8nuZNpZZvzxkeUSRghOf0S+l8c+U8yIkUTVSbbcV0R8y96rx3InVBVhk8cH9kFC93VlZZElqSw=="
    }
  }
}
